{
  "R": {
    "Version": "4.4.0",
    "Repositories": [
      {
        "Name": "CRAN",
        "URL": "https://packagemanager.posit.co/cran/latest"
      }
    ]
  },
  "Packages": {
    "GaussSuppression": {
      "Package": "GaussSuppression",
      "Version": "1.2.0",
      "Source": "Repository",
      "Type": "Package",
      "Title": "Tabular Data Suppression using Gaussian Elimination",
      "Date": "2025-09-25",
      "Authors@R": "c(person(\"Øyvind\", \"Langsrud\", role = c(\"aut\", \"cre\"), email = \"oyl@ssb.no\", comment = c(ORCID = \"0000-0002-1380-4396\")), person(\"Daniel\", \"Lupp\", role = c(\"aut\"), comment = c(ORCID = \"0000-0003-3575-1691\")),         person(\"Hege\", \"Bøvelstad\", role = c(\"ctb\"), comment = c(ORCID = \"0000-0002-4522-8987\")), person(\"Vidar Norstein\", \"Klungre\", role = \"rev\", comment = c(ORCID = \"0000-0003-1925-5911\")), person(\"Jonas\", \"Lindblad\", role = c(\"ctb\")),         person(\"Statistics Norway\", role = \"cph\"))",
      "Imports": [
        "SSBtools (>= 1.8.2)",
        "RegSDC (>= 0.7.0)",
        "stats",
        "methods",
        "utils",
        "Matrix",
        "ellipsis",
        "rlang"
      ],
      "Description": "A statistical disclosure control tool to protect tables by suppression  using the Gaussian elimination secondary suppression algorithm  (Langsrud, 2024) <doi:10.1007/978-3-031-69651-0_6>. A suggestion is  to start by working with functions SuppressSmallCounts() and  SuppressDominantCells(). These functions use primary suppression functions for  the minimum frequency rule and the dominance rule, respectively. Novel  functionality for suppression of disclosive cells is also included. General  primary suppression functions can be supplied as input to the general working  horse function, GaussSuppressionFromData(). Suppressed frequencies can be  replaced by synthetic decimal numbers as described in  Langsrud (2019) <doi:10.1007/s11222-018-9848-9>.",
      "License": "MIT + file LICENSE",
      "URL": "https://github.com/statisticsnorway/ssb-gausssuppression, https://statisticsnorway.github.io/ssb-gausssuppression/",
      "BugReports": "https://github.com/statisticsnorway/ssb-gausssuppression/issues",
      "Encoding": "UTF-8",
      "RoxygenNote": "7.3.2",
      "Suggests": [
        "formattable",
        "kableExtra",
        "knitr",
        "rmarkdown",
        "testthat (>= 3.0.0)",
        "lpSolve",
        "Rsymphony",
        "Rglpk",
        "slam",
        "highs",
        "data.table"
      ],
      "Config/testthat/edition": "3",
      "VignetteBuilder": "knitr",
      "NeedsCompilation": "no",
      "Author": "Øyvind Langsrud [aut, cre] (ORCID: <https://orcid.org/0000-0002-1380-4396>), Daniel Lupp [aut] (ORCID: <https://orcid.org/0000-0003-3575-1691>), Hege Bøvelstad [ctb] (ORCID: <https://orcid.org/0000-0002-4522-8987>), Vidar Norstein Klungre [rev] (ORCID: <https://orcid.org/0000-0003-1925-5911>), Jonas Lindblad [ctb], Statistics Norway [cph]",
      "Maintainer": "Øyvind Langsrud <oyl@ssb.no>",
      "Depends": [
        "R (>= 3.5.0)"
      ],
      "Repository": "CRAN"
    },
    "MASS": {
      "Package": "MASS",
      "Version": "7.3-60.2",
      "Source": "Repository",
      "Priority": "recommended",
      "Date": "2024-01-12",
      "Revision": "$Rev: 3641 $",
      "Depends": [
        "R (>= 4.4.0)",
        "grDevices",
        "graphics",
        "stats",
        "utils"
      ],
      "Imports": [
        "methods"
      ],
      "Suggests": [
        "lattice",
        "nlme",
        "nnet",
        "survival"
      ],
      "Authors@R": "c(person(\"Brian\", \"Ripley\", role = c(\"aut\", \"cre\", \"cph\"), email = \"ripley@stats.ox.ac.uk\"), person(\"Bill\", \"Venables\", role = \"ctb\"), person(c(\"Douglas\", \"M.\"), \"Bates\", role = \"ctb\"), person(\"Kurt\", \"Hornik\", role = \"trl\", comment = \"partial port ca 1998\"), person(\"Albrecht\", \"Gebhardt\", role = \"trl\", comment = \"partial port ca 1998\"), person(\"David\", \"Firth\", role = \"ctb\"))",
      "Description": "Functions and datasets to support Venables and Ripley, \"Modern Applied Statistics with S\" (4th edition, 2002).",
      "Title": "Support Functions and Datasets for Venables and Ripley's MASS",
      "LazyData": "yes",
      "ByteCompile": "yes",
      "License": "GPL-2 | GPL-3",
      "URL": "http://www.stats.ox.ac.uk/pub/MASS4/",
      "Contact": "<MASS@stats.ox.ac.uk>",
      "NeedsCompilation": "yes",
      "Author": "Brian Ripley [aut, cre, cph], Bill Venables [ctb], Douglas M. Bates [ctb], Kurt Hornik [trl] (partial port ca 1998), Albrecht Gebhardt [trl] (partial port ca 1998), David Firth [ctb]",
      "Maintainer": "Brian Ripley <ripley@stats.ox.ac.uk>",
      "Repository": "CRAN"
    },
    "Matrix": {
      "Package": "Matrix",
      "Version": "1.7-0",
      "Source": "Repository",
      "VersionNote": "do also bump src/version.h, inst/include/Matrix/version.h",
      "Date": "2024-03-16",
      "Priority": "recommended",
      "Title": "Sparse and Dense Matrix Classes and Methods",
      "Description": "A rich hierarchy of sparse and dense matrix classes, including general, symmetric, triangular, and diagonal matrices with numeric, logical, or pattern entries.  Efficient methods for operating on such matrices, often wrapping the 'BLAS', 'LAPACK', and 'SuiteSparse' libraries.",
      "License": "GPL (>= 2) | file LICENCE",
      "URL": "https://Matrix.R-forge.R-project.org",
      "BugReports": "https://R-forge.R-project.org/tracker/?atid=294&group_id=61",
      "Contact": "Matrix-authors@R-project.org",
      "Authors@R": "c(person(\"Douglas\", \"Bates\", role = \"aut\", comment = c(ORCID = \"0000-0001-8316-9503\")), person(\"Martin\", \"Maechler\", role = c(\"aut\", \"cre\"), email = \"mmaechler+Matrix@gmail.com\", comment = c(ORCID = \"0000-0002-8685-9910\")), person(\"Mikael\", \"Jagan\", role = \"aut\", comment = c(ORCID = \"0000-0002-3542-2938\")), person(\"Timothy A.\", \"Davis\", role = \"ctb\", comment = c(ORCID = \"0000-0001-7614-6899\", \"SuiteSparse libraries\", \"collaborators listed in dir(system.file(\\\"doc\\\", \\\"SuiteSparse\\\", package=\\\"Matrix\\\"), pattern=\\\"License\\\", full.names=TRUE, recursive=TRUE)\")), person(\"George\", \"Karypis\", role = \"ctb\", comment = c(ORCID = \"0000-0003-2753-1437\", \"METIS library\", \"Copyright: Regents of the University of Minnesota\")), person(\"Jason\", \"Riedy\", role = \"ctb\", comment = c(ORCID = \"0000-0002-4345-4200\", \"GNU Octave's condest() and onenormest()\", \"Copyright: Regents of the University of California\")), person(\"Jens\", \"Oehlschlägel\", role = \"ctb\", comment = \"initial nearPD()\"), person(\"R Core Team\", role = \"ctb\", comment = \"base R's matrix implementation\"))",
      "Depends": [
        "R (>= 4.4.0)",
        "methods"
      ],
      "Imports": [
        "grDevices",
        "graphics",
        "grid",
        "lattice",
        "stats",
        "utils"
      ],
      "Suggests": [
        "MASS",
        "datasets",
        "sfsmisc",
        "tools"
      ],
      "Enhances": [
        "SparseM",
        "graph"
      ],
      "LazyData": "no",
      "LazyDataNote": "not possible, since we use data/*.R and our S4 classes",
      "BuildResaveData": "no",
      "Encoding": "UTF-8",
      "NeedsCompilation": "yes",
      "Author": "Douglas Bates [aut] (<https://orcid.org/0000-0001-8316-9503>), Martin Maechler [aut, cre] (<https://orcid.org/0000-0002-8685-9910>), Mikael Jagan [aut] (<https://orcid.org/0000-0002-3542-2938>), Timothy A. Davis [ctb] (<https://orcid.org/0000-0001-7614-6899>, SuiteSparse libraries, collaborators listed in dir(system.file(\"doc\", \"SuiteSparse\", package=\"Matrix\"), pattern=\"License\", full.names=TRUE, recursive=TRUE)), George Karypis [ctb] (<https://orcid.org/0000-0003-2753-1437>, METIS library, Copyright: Regents of the University of Minnesota), Jason Riedy [ctb] (<https://orcid.org/0000-0002-4345-4200>, GNU Octave's condest() and onenormest(), Copyright: Regents of the University of California), Jens Oehlschlägel [ctb] (initial nearPD()), R Core Team [ctb] (base R's matrix implementation)",
      "Maintainer": "Martin Maechler <mmaechler+Matrix@gmail.com>",
      "Repository": "CRAN"
    },
    "Rcpp": {
      "Package": "Rcpp",
      "Version": "1.1.0",
      "Source": "Repository",
      "Title": "Seamless R and C++ Integration",
      "Date": "2025-07-01",
      "Authors@R": "c(person(\"Dirk\", \"Eddelbuettel\", role = c(\"aut\", \"cre\"), email = \"edd@debian.org\", comment = c(ORCID = \"0000-0001-6419-907X\")), person(\"Romain\", \"Francois\", role = \"aut\", comment = c(ORCID = \"0000-0002-2444-4226\")), person(\"JJ\", \"Allaire\", role = \"aut\", comment = c(ORCID = \"0000-0003-0174-9868\")), person(\"Kevin\", \"Ushey\", role = \"aut\", comment = c(ORCID = \"0000-0003-2880-7407\")), person(\"Qiang\", \"Kou\", role = \"aut\", comment = c(ORCID = \"0000-0001-6786-5453\")), person(\"Nathan\", \"Russell\", role = \"aut\"), person(\"Iñaki\", \"Ucar\", role = \"aut\", comment = c(ORCID = \"0000-0001-6403-5550\")), person(\"Doug\", \"Bates\", role = \"aut\", comment = c(ORCID = \"0000-0001-8316-9503\")), person(\"John\", \"Chambers\", role = \"aut\"))",
      "Description": "The 'Rcpp' package provides R functions as well as C++ classes which offer a seamless integration of R and C++. Many R data types and objects can be mapped back and forth to C++ equivalents which facilitates both writing of new code as well as easier integration of third-party libraries. Documentation about 'Rcpp' is provided by several vignettes included in this package, via the 'Rcpp Gallery' site at <https://gallery.rcpp.org>, the paper by Eddelbuettel and Francois (2011, <doi:10.18637/jss.v040.i08>), the book by Eddelbuettel (2013, <doi:10.1007/978-1-4614-6868-4>) and the paper by Eddelbuettel and Balamuta (2018, <doi:10.1080/00031305.2017.1375990>); see 'citation(\"Rcpp\")' for details.",
      "Imports": [
        "methods",
        "utils"
      ],
      "Suggests": [
        "tinytest",
        "inline",
        "rbenchmark",
        "pkgKitten (>= 0.1.2)"
      ],
      "URL": "https://www.rcpp.org, https://dirk.eddelbuettel.com/code/rcpp.html, https://github.com/RcppCore/Rcpp",
      "License": "GPL (>= 2)",
      "BugReports": "https://github.com/RcppCore/Rcpp/issues",
      "MailingList": "rcpp-devel@lists.r-forge.r-project.org",
      "RoxygenNote": "6.1.1",
      "Encoding": "UTF-8",
      "NeedsCompilation": "yes",
      "Author": "Dirk Eddelbuettel [aut, cre] (ORCID: <https://orcid.org/0000-0001-6419-907X>), Romain Francois [aut] (ORCID: <https://orcid.org/0000-0002-2444-4226>), JJ Allaire [aut] (ORCID: <https://orcid.org/0000-0003-0174-9868>), Kevin Ushey [aut] (ORCID: <https://orcid.org/0000-0003-2880-7407>), Qiang Kou [aut] (ORCID: <https://orcid.org/0000-0001-6786-5453>), Nathan Russell [aut], Iñaki Ucar [aut] (ORCID: <https://orcid.org/0000-0001-6403-5550>), Doug Bates [aut] (ORCID: <https://orcid.org/0000-0001-8316-9503>), John Chambers [aut]",
      "Maintainer": "Dirk Eddelbuettel <edd@debian.org>",
      "Repository": "CRAN"
    },
    "RcppTOML": {
      "Package": "RcppTOML",
      "Version": "0.2.3",
      "Source": "Repository",
      "Type": "Package",
      "Title": "'Rcpp' Bindings to Parser for \"Tom's Obvious Markup Language\"",
      "Date": "2025-03-08",
      "Authors@R": "c(person(\"Dirk\", \"Eddelbuettel\", role = c(\"aut\", \"cre\"), email = \"edd@debian.org\", comment = c(ORCID = \"0000-0001-6419-907X\")), person(\"Mark\", \"Gillard\", role = \"aut\", comment = \"Author of 'toml++' header library\"))",
      "Description": "The configuration format defined by 'TOML' (which expands to \"Tom's Obvious Markup Language\") specifies an excellent format (described at <https://toml.io/en/>) suitable for both human editing as well as the common uses of a machine-readable format. This package uses 'Rcpp' to connect to the 'toml++' parser written by Mark Gillard to R.",
      "SystemRequirements": "A C++17 compiler",
      "BugReports": "https://github.com/eddelbuettel/rcpptoml/issues",
      "URL": "http://dirk.eddelbuettel.com/code/rcpp.toml.html",
      "Imports": [
        "Rcpp (>= 1.0.8)"
      ],
      "Depends": [
        "R (>= 3.3.0)"
      ],
      "LinkingTo": [
        "Rcpp"
      ],
      "Suggests": [
        "tinytest"
      ],
      "License": "GPL (>= 2)",
      "NeedsCompilation": "yes",
      "Author": "Dirk Eddelbuettel [aut, cre] (<https://orcid.org/0000-0001-6419-907X>), Mark Gillard [aut] (Author of 'toml++' header library)",
      "Maintainer": "Dirk Eddelbuettel <edd@debian.org>",
      "Repository": "CRAN",
      "Encoding": "UTF-8"
    },
    "RegSDC": {
      "Package": "RegSDC",
      "Version": "1.0.0",
      "Source": "Repository",
      "Type": "Package",
      "Title": "Information Preserving Regression-Based Tools for Statistical Disclosure Control",
      "Date": "2025-02-03",
      "Authors@R": "person(\"Øyvind\", \"Langsrud\", role = c(\"aut\", \"cre\"), email = \"oyl@ssb.no\")",
      "Author": "Øyvind Langsrud [aut, cre]",
      "Maintainer": "Øyvind Langsrud <oyl@ssb.no>",
      "Depends": [
        "R (>= 3.0.0)"
      ],
      "Imports": [
        "SSBtools (>= 1.3.4)",
        "MASS",
        "Matrix"
      ],
      "Description": "Implementation of the methods described in the paper with the above title: Langsrud, Ø. (2019) <doi:10.1007/s11222-018-9848-9>. The package can be used to generate synthetic or hybrid continuous microdata, and the relationship to the original data can be controlled in several ways. A function for replacing suppressed tabular cell frequencies with decimal numbers is included.",
      "License": "Apache License 2.0 | file LICENSE",
      "Encoding": "UTF-8",
      "URL": "https://github.com/olangsrud/RegSDC, https://olangsrud.github.io/RegSDC/",
      "BugReports": "https://github.com/olangsrud/RegSDC/issues",
      "RoxygenNote": "7.3.1",
      "NeedsCompilation": "no",
      "Repository": "CRAN"
    },
    "SSBtools": {
      "Package": "SSBtools",
      "Version": "1.8.4",
      "Source": "Repository",
      "Type": "Package",
      "Title": "Algorithms and Tools for Tabular Statistics and Hierarchical Computations",
      "Date": "2025-10-31",
      "Authors@R": "c(person(\"Øyvind\", \"Langsrud\", role = c(\"aut\", \"cre\"), email = \"oyl@ssb.no\", comment = c(ORCID = \"0000-0002-1380-4396\")), person(\"Daniel\", \"Lupp\", role = c(\"aut\"), comment = c(ORCID = \"0000-0003-3575-1691\")),   person(\"Bjørn-Helge\", \"Mevik\", role = c(\"ctb\")), person(\"Vidar Norstein\", \"Klungre\", role = \"rev\", comment = c(ORCID = \"0000-0003-1925-5911\")), person(\"Statistics Norway\", role = \"cph\"))",
      "Imports": [
        "methods",
        "MASS",
        "Matrix"
      ],
      "Description": "Includes general data manipulation functions, algorithms for statistical disclosure control (Langsrud, 2024) <doi:10.1007/978-3-031-69651-0_6> and functions for hierarchical computations by sparse model matrices (Langsrud, 2023) <doi:10.32614/RJ-2023-088>.",
      "License": "MIT + file LICENSE",
      "URL": "https://github.com/statisticsnorway/ssb-ssbtools, https://statisticsnorway.github.io/ssb-ssbtools/",
      "BugReports": "https://github.com/statisticsnorway/ssb-ssbtools/issues",
      "RoxygenNote": "7.3.2",
      "Encoding": "UTF-8",
      "Suggests": [
        "testthat",
        "data.table"
      ],
      "NeedsCompilation": "no",
      "Author": "Øyvind Langsrud [aut, cre] (ORCID: <https://orcid.org/0000-0002-1380-4396>), Daniel Lupp [aut] (ORCID: <https://orcid.org/0000-0003-3575-1691>), Bjørn-Helge Mevik [ctb], Vidar Norstein Klungre [rev] (ORCID: <https://orcid.org/0000-0003-1925-5911>), Statistics Norway [cph]",
      "Maintainer": "Øyvind Langsrud <oyl@ssb.no>",
      "Repository": "CRAN"
    },
    "ellipsis": {
      "Package": "ellipsis",
      "Version": "0.3.2",
      "Source": "Repository",
      "Title": "Tools for Working with ...",
      "Description": "The ellipsis is a powerful tool for extending functions. Unfortunately  this power comes at a cost: misspelled arguments will be silently ignored.  The ellipsis package provides a collection of functions to catch problems and alert the user.",
      "Authors@R": "c( person(\"Hadley\", \"Wickham\", , \"hadley@rstudio.com\", role = c(\"aut\", \"cre\")), person(\"RStudio\", role = \"cph\") )",
      "License": "MIT + file LICENSE",
      "Encoding": "UTF-8",
      "RoxygenNote": "7.1.1",
      "URL": "https://ellipsis.r-lib.org, https://github.com/r-lib/ellipsis",
      "BugReports": "https://github.com/r-lib/ellipsis/issues",
      "Depends": [
        "R (>= 3.2)"
      ],
      "Imports": [
        "rlang (>= 0.3.0)"
      ],
      "Suggests": [
        "covr",
        "testthat"
      ],
      "NeedsCompilation": "yes",
      "Author": "Hadley Wickham [aut, cre], RStudio [cph]",
      "Maintainer": "Hadley Wickham <hadley@rstudio.com>",
      "Repository": "CRAN"
    },
    "here": {
      "Package": "here",
      "Version": "1.0.2",
      "Source": "Repository",
      "Title": "A Simpler Way to Find Your Files",
      "Date": "2025-09-06",
      "Authors@R": "c(person(given = \"Kirill\", family = \"M\\u00fcller\", role = c(\"aut\", \"cre\"), email = \"kirill@cynkra.com\", comment = c(ORCID = \"0000-0002-1416-3412\")), person(given = \"Jennifer\", family = \"Bryan\", role = \"ctb\", email = \"jenny@rstudio.com\", comment = c(ORCID = \"0000-0002-6983-2759\")))",
      "Description": "Constructs paths to your project's files. Declare the relative path of a file within your project with 'i_am()'. Use the 'here()' function as a drop-in replacement for 'file.path()', it will always locate the files relative to your project root.",
      "License": "MIT + file LICENSE",
      "URL": "https://here.r-lib.org/, https://github.com/r-lib/here",
      "BugReports": "https://github.com/r-lib/here/issues",
      "Imports": [
        "rprojroot (>= 2.1.0)"
      ],
      "Suggests": [
        "conflicted",
        "covr",
        "fs",
        "knitr",
        "palmerpenguins",
        "plyr",
        "readr",
        "rlang",
        "rmarkdown",
        "testthat",
        "uuid",
        "withr"
      ],
      "VignetteBuilder": "knitr",
      "Encoding": "UTF-8",
      "RoxygenNote": "7.3.3.9000",
      "Config/testthat/edition": "3",
      "Config/Needs/website": "tidyverse/tidytemplate",
      "NeedsCompilation": "no",
      "Author": "Kirill Müller [aut, cre] (ORCID: <https://orcid.org/0000-0002-1416-3412>), Jennifer Bryan [ctb] (ORCID: <https://orcid.org/0000-0002-6983-2759>)",
      "Maintainer": "Kirill Müller <kirill@cynkra.com>",
      "Repository": "CRAN"
    },
    "jsonlite": {
      "Package": "jsonlite",
      "Version": "2.0.0",
      "Source": "Repository",
      "Title": "A Simple and Robust JSON Parser and Generator for R",
      "License": "MIT + file LICENSE",
      "Depends": [
        "methods"
      ],
      "Authors@R": "c( person(\"Jeroen\", \"Ooms\", role = c(\"aut\", \"cre\"), email = \"jeroenooms@gmail.com\", comment = c(ORCID = \"0000-0002-4035-0289\")), person(\"Duncan\", \"Temple Lang\", role = \"ctb\"), person(\"Lloyd\", \"Hilaiel\", role = \"cph\", comment=\"author of bundled libyajl\"))",
      "URL": "https://jeroen.r-universe.dev/jsonlite https://arxiv.org/abs/1403.2805",
      "BugReports": "https://github.com/jeroen/jsonlite/issues",
      "Maintainer": "Jeroen Ooms <jeroenooms@gmail.com>",
      "VignetteBuilder": "knitr, R.rsp",
      "Description": "A reasonably fast JSON parser and generator, optimized for statistical  data and the web. Offers simple, flexible tools for working with JSON in R, and is particularly powerful for building pipelines and interacting with a web API.  The implementation is based on the mapping described in the vignette (Ooms, 2014). In addition to converting JSON data from/to R objects, 'jsonlite' contains  functions to stream, validate, and prettify JSON data. The unit tests included  with the package verify that all edge cases are encoded and decoded consistently  for use with dynamic data in systems and applications.",
      "Suggests": [
        "httr",
        "vctrs",
        "testthat",
        "knitr",
        "rmarkdown",
        "R.rsp",
        "sf"
      ],
      "RoxygenNote": "7.3.2",
      "Encoding": "UTF-8",
      "NeedsCompilation": "yes",
      "Author": "Jeroen Ooms [aut, cre] (<https://orcid.org/0000-0002-4035-0289>), Duncan Temple Lang [ctb], Lloyd Hilaiel [cph] (author of bundled libyajl)",
      "Repository": "CRAN"
    },
    "lattice": {
      "Package": "lattice",
      "Version": "0.22-6",
      "Source": "Repository",
      "Date": "2024-03-20",
      "Priority": "recommended",
      "Title": "Trellis Graphics for R",
      "Authors@R": "c(person(\"Deepayan\", \"Sarkar\", role = c(\"aut\", \"cre\"), email = \"deepayan.sarkar@r-project.org\", comment = c(ORCID = \"0000-0003-4107-1553\")), person(\"Felix\", \"Andrews\", role = \"ctb\"), person(\"Kevin\", \"Wright\", role = \"ctb\", comment = \"documentation\"), person(\"Neil\", \"Klepeis\", role = \"ctb\"), person(\"Johan\", \"Larsson\", role = \"ctb\", comment = \"miscellaneous improvements\"), person(\"Zhijian (Jason)\", \"Wen\", role = \"cph\", comment = \"filled contour code\"), person(\"Paul\", \"Murrell\", role = \"ctb\", email = \"paul@stat.auckland.ac.nz\"), person(\"Stefan\", \"Eng\", role = \"ctb\", comment = \"violin plot improvements\"), person(\"Achim\", \"Zeileis\", role = \"ctb\", comment = \"modern colors\"), person(\"Alexandre\", \"Courtiol\", role = \"ctb\", comment = \"generics for larrows, lpolygon, lrect and lsegments\") )",
      "Description": "A powerful and elegant high-level data visualization system inspired by Trellis graphics, with an emphasis on multivariate data. Lattice is sufficient for typical graphics needs, and is also flexible enough to handle most nonstandard requirements. See ?Lattice for an introduction.",
      "Depends": [
        "R (>= 4.0.0)"
      ],
      "Suggests": [
        "KernSmooth",
        "MASS",
        "latticeExtra",
        "colorspace"
      ],
      "Imports": [
        "grid",
        "grDevices",
        "graphics",
        "stats",
        "utils"
      ],
      "Enhances": [
        "chron",
        "zoo"
      ],
      "LazyLoad": "yes",
      "LazyData": "yes",
      "License": "GPL (>= 2)",
      "URL": "https://lattice.r-forge.r-project.org/",
      "BugReports": "https://github.com/deepayan/lattice/issues",
      "NeedsCompilation": "yes",
      "Author": "Deepayan Sarkar [aut, cre] (<https://orcid.org/0000-0003-4107-1553>), Felix Andrews [ctb], Kevin Wright [ctb] (documentation), Neil Klepeis [ctb], Johan Larsson [ctb] (miscellaneous improvements), Zhijian (Jason) Wen [cph] (filled contour code), Paul Murrell [ctb], Stefan Eng [ctb] (violin plot improvements), Achim Zeileis [ctb] (modern colors), Alexandre Courtiol [ctb] (generics for larrows, lpolygon, lrect and lsegments)",
      "Maintainer": "Deepayan Sarkar <deepayan.sarkar@r-project.org>",
      "Repository": "CRAN"
    },
    "png": {
      "Package": "png",
      "Version": "0.1-8",
      "Source": "Repository",
      "Title": "Read and write PNG images",
      "Author": "Simon Urbanek <Simon.Urbanek@r-project.org>",
      "Maintainer": "Simon Urbanek <Simon.Urbanek@r-project.org>",
      "Depends": [
        "R (>= 2.9.0)"
      ],
      "Description": "This package provides an easy and simple way to read, write and display bitmap images stored in the PNG format. It can read and write both files and in-memory raw vectors.",
      "License": "GPL-2 | GPL-3",
      "SystemRequirements": "libpng",
      "URL": "http://www.rforge.net/png/",
      "NeedsCompilation": "yes",
      "Repository": "CRAN",
      "Encoding": "UTF-8"
    },
    "rappdirs": {
      "Package": "rappdirs",
      "Version": "0.3.3",
      "Source": "Repository",
      "Type": "Package",
      "Title": "Application Directories: Determine Where to Save Data, Caches, and Logs",
      "Authors@R": "c(person(given = \"Hadley\", family = \"Wickham\", role = c(\"trl\", \"cre\", \"cph\"), email = \"hadley@rstudio.com\"), person(given = \"RStudio\", role = \"cph\"), person(given = \"Sridhar\", family = \"Ratnakumar\", role = \"aut\"), person(given = \"Trent\", family = \"Mick\", role = \"aut\"), person(given = \"ActiveState\", role = \"cph\", comment = \"R/appdir.r, R/cache.r, R/data.r, R/log.r translated from appdirs\"), person(given = \"Eddy\", family = \"Petrisor\", role = \"ctb\"), person(given = \"Trevor\", family = \"Davis\", role = c(\"trl\", \"aut\")), person(given = \"Gabor\", family = \"Csardi\", role = \"ctb\"), person(given = \"Gregory\", family = \"Jefferis\", role = \"ctb\"))",
      "Description": "An easy way to determine which directories on the users computer you should use to save data, caches and logs. A port of Python's 'Appdirs' (<https://github.com/ActiveState/appdirs>) to R.",
      "License": "MIT + file LICENSE",
      "URL": "https://rappdirs.r-lib.org, https://github.com/r-lib/rappdirs",
      "BugReports": "https://github.com/r-lib/rappdirs/issues",
      "Depends": [
        "R (>= 3.2)"
      ],
      "Suggests": [
        "roxygen2",
        "testthat (>= 3.0.0)",
        "covr",
        "withr"
      ],
      "Copyright": "Original python appdirs module copyright (c) 2010 ActiveState Software Inc. R port copyright Hadley Wickham, RStudio. See file LICENSE for details.",
      "Encoding": "UTF-8",
      "RoxygenNote": "7.1.1",
      "Config/testthat/edition": "3",
      "NeedsCompilation": "yes",
      "Author": "Hadley Wickham [trl, cre, cph], RStudio [cph], Sridhar Ratnakumar [aut], Trent Mick [aut], ActiveState [cph] (R/appdir.r, R/cache.r, R/data.r, R/log.r translated from appdirs), Eddy Petrisor [ctb], Trevor Davis [trl, aut], Gabor Csardi [ctb], Gregory Jefferis [ctb]",
      "Maintainer": "Hadley Wickham <hadley@rstudio.com>",
      "Repository": "CRAN"
    },
    "renv": {
      "Package": "renv",
      "Version": "1.1.5",
      "Source": "Repository",
      "Type": "Package",
      "Title": "Project Environments",
      "Authors@R": "c( person(\"Kevin\", \"Ushey\", role = c(\"aut\", \"cre\"), email = \"kevin@rstudio.com\", comment = c(ORCID = \"0000-0003-2880-7407\")), person(\"Hadley\", \"Wickham\", role = c(\"aut\"), email = \"hadley@rstudio.com\", comment = c(ORCID = \"0000-0003-4757-117X\")), person(\"Posit Software, PBC\", role = c(\"cph\", \"fnd\")) )",
      "Description": "A dependency management toolkit for R. Using 'renv', you can create and manage project-local R libraries, save the state of these libraries to a 'lockfile', and later restore your library as required. Together, these tools can help make your projects more isolated, portable, and reproducible.",
      "License": "MIT + file LICENSE",
      "URL": "https://rstudio.github.io/renv/, https://github.com/rstudio/renv",
      "BugReports": "https://github.com/rstudio/renv/issues",
      "Imports": [
        "utils"
      ],
      "Suggests": [
        "BiocManager",
        "cli",
        "compiler",
        "covr",
        "cpp11",
        "devtools",
        "generics",
        "gitcreds",
        "jsonlite",
        "jsonvalidate",
        "knitr",
        "miniUI",
        "modules",
        "packrat",
        "pak",
        "R6",
        "remotes",
        "reticulate",
        "rmarkdown",
        "rstudioapi",
        "shiny",
        "testthat",
        "uuid",
        "waldo",
        "yaml",
        "webfakes"
      ],
      "Encoding": "UTF-8",
      "RoxygenNote": "7.3.2",
      "VignetteBuilder": "knitr",
      "Config/Needs/website": "tidyverse/tidytemplate",
      "Config/testthat/edition": "3",
      "Config/testthat/parallel": "true",
      "Config/testthat/start-first": "bioconductor,python,install,restore,snapshot,retrieve,remotes",
      "NeedsCompilation": "no",
      "Author": "Kevin Ushey [aut, cre] (ORCID: <https://orcid.org/0000-0003-2880-7407>), Hadley Wickham [aut] (ORCID: <https://orcid.org/0000-0003-4757-117X>), Posit Software, PBC [cph, fnd]",
      "Maintainer": "Kevin Ushey <kevin@rstudio.com>",
      "Repository": "RSPM"
    },
    "reticulate": {
      "Package": "reticulate",
      "Version": "1.44.0",
      "Source": "Repository",
      "Type": "Package",
      "Title": "Interface to 'Python'",
      "Authors@R": "c( person(\"Tomasz\", \"Kalinowski\", role = c(\"ctb\", \"cre\"), email = \"tomasz@posit.co\"), person(\"Kevin\", \"Ushey\", role = c(\"aut\"), email = \"kevin@posit.co\"), person(\"JJ\", \"Allaire\", role = c(\"aut\"), email = \"jj@posit.co\"), person(\"RStudio\", role = c(\"cph\", \"fnd\")), person(\"Yuan\", \"Tang\", role = c(\"aut\", \"cph\"), email = \"terrytangyuan@gmail.com\", comment = c(ORCID = \"0000-0001-5243-233X\")), person(\"Dirk\", \"Eddelbuettel\", role = c(\"ctb\", \"cph\"), email = \"edd@debian.org\"), person(\"Bryan\", \"Lewis\", role = c(\"ctb\", \"cph\"), email = \"blewis@illposed.net\"), person(\"Sigrid\", \"Keydana\", role = c(\"ctb\"), email = \"sigrid@posit.co\"), person(\"Ryan\", \"Hafen\", role = c(\"ctb\", \"cph\"), email = \"rhafen@gmail.com\"), person(\"Marcus\", \"Geelnard\", role = c(\"ctb\", \"cph\"), comment = \"TinyThread library, http://tinythreadpp.bitsnbites.eu/\") )",
      "Description": "Interface to 'Python' modules, classes, and functions. When calling into 'Python', R data types are automatically converted to their equivalent 'Python' types. When values are returned from 'Python' to R they are converted back to R types. Compatible with all versions of 'Python' >= 2.7.",
      "License": "Apache License 2.0",
      "URL": "https://rstudio.github.io/reticulate/, https://github.com/rstudio/reticulate",
      "BugReports": "https://github.com/rstudio/reticulate/issues",
      "SystemRequirements": "Python (>= 2.7.0)",
      "Encoding": "UTF-8",
      "Depends": [
        "R (>= 3.5)"
      ],
      "Imports": [
        "Matrix",
        "Rcpp (>= 1.0.7)",
        "RcppTOML",
        "graphics",
        "here",
        "jsonlite",
        "methods",
        "png",
        "rappdirs",
        "utils",
        "rlang",
        "withr"
      ],
      "Suggests": [
        "callr",
        "knitr",
        "glue",
        "cli",
        "rmarkdown",
        "pillar",
        "testthat"
      ],
      "LinkingTo": [
        "Rcpp"
      ],
      "RoxygenNote": "7.3.3",
      "VignetteBuilder": "knitr",
      "Config/build/compilation-database": "true",
      "NeedsCompilation": "yes",
      "Author": "Tomasz Kalinowski [ctb, cre], Kevin Ushey [aut], JJ Allaire [aut], RStudio [cph, fnd], Yuan Tang [aut, cph] (ORCID: <https://orcid.org/0000-0001-5243-233X>), Dirk Eddelbuettel [ctb, cph], Bryan Lewis [ctb, cph], Sigrid Keydana [ctb], Ryan Hafen [ctb, cph], Marcus Geelnard [ctb, cph] (TinyThread library, http://tinythreadpp.bitsnbites.eu/)",
      "Maintainer": "Tomasz Kalinowski <tomasz@posit.co>",
      "Repository": "CRAN"
    },
    "rlang": {
      "Package": "rlang",
      "Version": "1.1.6",
      "Source": "Repository",
      "Title": "Functions for Base Types and Core R and 'Tidyverse' Features",
      "Description": "A toolbox for working with base types, core R features like the condition system, and core 'Tidyverse' features like tidy evaluation.",
      "Authors@R": "c( person(\"Lionel\", \"Henry\", ,\"lionel@posit.co\", c(\"aut\", \"cre\")), person(\"Hadley\", \"Wickham\", ,\"hadley@posit.co\", \"aut\"), person(given = \"mikefc\", email = \"mikefc@coolbutuseless.com\", role = \"cph\", comment = \"Hash implementation based on Mike's xxhashlite\"), person(given = \"Yann\", family = \"Collet\", role = \"cph\", comment = \"Author of the embedded xxHash library\"), person(given = \"Posit, PBC\", role = c(\"cph\", \"fnd\")) )",
      "License": "MIT + file LICENSE",
      "ByteCompile": "true",
      "Biarch": "true",
      "Depends": [
        "R (>= 3.5.0)"
      ],
      "Imports": [
        "utils"
      ],
      "Suggests": [
        "cli (>= 3.1.0)",
        "covr",
        "crayon",
        "desc",
        "fs",
        "glue",
        "knitr",
        "magrittr",
        "methods",
        "pillar",
        "pkgload",
        "rmarkdown",
        "stats",
        "testthat (>= 3.2.0)",
        "tibble",
        "usethis",
        "vctrs (>= 0.2.3)",
        "withr"
      ],
      "Enhances": [
        "winch"
      ],
      "Encoding": "UTF-8",
      "RoxygenNote": "7.3.2",
      "URL": "https://rlang.r-lib.org, https://github.com/r-lib/rlang",
      "BugReports": "https://github.com/r-lib/rlang/issues",
      "Config/build/compilation-database": "true",
      "Config/testthat/edition": "3",
      "Config/Needs/website": "dplyr, tidyverse/tidytemplate",
      "NeedsCompilation": "yes",
      "Author": "Lionel Henry [aut, cre], Hadley Wickham [aut], mikefc [cph] (Hash implementation based on Mike's xxhashlite), Yann Collet [cph] (Author of the embedded xxHash library), Posit, PBC [cph, fnd]",
      "Maintainer": "Lionel Henry <lionel@posit.co>",
      "Repository": "CRAN"
    },
    "rprojroot": {
      "Package": "rprojroot",
      "Version": "2.1.1",
      "Source": "Repository",
      "Title": "Finding Files in Project Subdirectories",
      "Authors@R": "person(given = \"Kirill\", family = \"M\\u00fcller\", role = c(\"aut\", \"cre\"), email = \"kirill@cynkra.com\", comment = c(ORCID = \"0000-0002-1416-3412\"))",
      "Description": "Robust, reliable and flexible paths to files below a project root. The 'root' of a project is defined as a directory that matches a certain criterion, e.g., it contains a certain regular file.",
      "License": "MIT + file LICENSE",
      "URL": "https://rprojroot.r-lib.org/, https://github.com/r-lib/rprojroot",
      "BugReports": "https://github.com/r-lib/rprojroot/issues",
      "Depends": [
        "R (>= 3.0.0)"
      ],
      "Suggests": [
        "covr",
        "knitr",
        "lifecycle",
        "rlang",
        "rmarkdown",
        "testthat (>= 3.2.0)",
        "withr"
      ],
      "VignetteBuilder": "knitr",
      "Config/testthat/edition": "3",
      "Encoding": "UTF-8",
      "RoxygenNote": "7.3.2.9000",
      "Config/autostyle/scope": "line_breaks",
      "Config/autostyle/strict": "true",
      "Config/Needs/website": "tidyverse/tidytemplate",
      "NeedsCompilation": "no",
      "Author": "Kirill Müller [aut, cre] (ORCID: <https://orcid.org/0000-0002-1416-3412>)",
      "Maintainer": "Kirill Müller <kirill@cynkra.com>",
      "Repository": "CRAN"
    },
    "withr": {
      "Package": "withr",
      "Version": "3.0.2",
      "Source": "Repository",
      "Title": "Run Code 'With' Temporarily Modified Global State",
      "Authors@R": "c( person(\"Jim\", \"Hester\", role = \"aut\"), person(\"Lionel\", \"Henry\", , \"lionel@posit.co\", role = c(\"aut\", \"cre\")), person(\"Kirill\", \"Müller\", , \"krlmlr+r@mailbox.org\", role = \"aut\"), person(\"Kevin\", \"Ushey\", , \"kevinushey@gmail.com\", role = \"aut\"), person(\"Hadley\", \"Wickham\", , \"hadley@posit.co\", role = \"aut\"), person(\"Winston\", \"Chang\", role = \"aut\"), person(\"Jennifer\", \"Bryan\", role = \"ctb\"), person(\"Richard\", \"Cotton\", role = \"ctb\"), person(\"Posit Software, PBC\", role = c(\"cph\", \"fnd\")) )",
      "Description": "A set of functions to run code 'with' safely and temporarily modified global state. Many of these functions were originally a part of the 'devtools' package, this provides a simple package with limited dependencies to provide access to these functions.",
      "License": "MIT + file LICENSE",
      "URL": "https://withr.r-lib.org, https://github.com/r-lib/withr#readme",
      "BugReports": "https://github.com/r-lib/withr/issues",
      "Depends": [
        "R (>= 3.6.0)"
      ],
      "Imports": [
        "graphics",
        "grDevices"
      ],
      "Suggests": [
        "callr",
        "DBI",
        "knitr",
        "methods",
        "rlang",
        "rmarkdown (>= 2.12)",
        "RSQLite",
        "testthat (>= 3.0.0)"
      ],
      "VignetteBuilder": "knitr",
      "Config/Needs/website": "tidyverse/tidytemplate",
      "Config/testthat/edition": "3",
      "Encoding": "UTF-8",
      "RoxygenNote": "7.3.2",
      "Collate": "'aaa.R' 'collate.R' 'connection.R' 'db.R' 'defer-exit.R' 'standalone-defer.R' 'defer.R' 'devices.R' 'local_.R' 'with_.R' 'dir.R' 'env.R' 'file.R' 'language.R' 'libpaths.R' 'locale.R' 'makevars.R' 'namespace.R' 'options.R' 'par.R' 'path.R' 'rng.R' 'seed.R' 'wrap.R' 'sink.R' 'tempfile.R' 'timezone.R' 'torture.R' 'utils.R' 'with.R'",
      "NeedsCompilation": "no",
      "Author": "Jim Hester [aut], Lionel Henry [aut, cre], Kirill Müller [aut], Kevin Ushey [aut], Hadley Wickham [aut], Winston Chang [aut], Jennifer Bryan [ctb], Richard Cotton [ctb], Posit Software, PBC [cph, fnd]",
      "Maintainer": "Lionel Henry <lionel@posit.co>",
      "Repository": "CRAN"
    }
  }
}
